
Microsoft Visual Studio Solution File, Format Version 12.00
# Visual Studio Version 17
VisualStudioVersion = 17.5.33530.505
MinimumVisualStudioVersion = 10.0.40219.1
Project("{FAE04EC0-301F-11D3-BF4B-00C04F79EFBC}") = "ClassLibraryPassword", "ClassLibraryPassword\ClassLibraryPassword.csproj", "{9BF299EC-8B03-4B98-8065-396A5062F92E}"
EndProject
Project("{FAE04EC0-301F-11D3-BF4B-00C04F79EFBC}") = "ClassLibraryTests", "ClassLibraryTests\ClassLibraryTests.csproj", "{32EF668B-A8FC-4C60-B1E9-D2B4834FF39C}"
EndProject
Project("{FAE04EC0-301F-11D3-BF4B-00C04F79EFBC}") = "ClassXmlTests", "ClassXmlTests\ClassXmlTests.csproj", "{5DC0605A-09F8-41FF-8E7C-E82B434B405C}"
EndProject
Global
	GlobalSection(SolutionConfigurationPlatforms) = preSolution
		Debug|Any CPU = Debug|Any CPU
		Release|Any CPU = Release|Any CPU
	EndGlobalSection
	GlobalSection(ProjectConfigurationPlatforms) = postSolution
		{9BF299EC-8B03-4B98-8065-396A5062F92E}.Debug|Any CPU.ActiveCfg = Debug|Any CPU
		{9BF299EC-8B03-4B98-8065-396A5062F92E}.Debug|Any CPU.Build.0 = Debug|Any CPU
		{9BF299EC-8B03-4B98-8065-396A5062F92E}.Release|Any CPU.ActiveCfg = Release|Any CPU
		{9BF299EC-8B03-4B98-8065-396A5062F92E}.Release|Any CPU.Build.0 = Release|Any CPU
		{32EF668B-A8FC-4C60-B1E9-D2B4834FF39C}.Debug|Any CPU.ActiveCfg = Debug|Any CPU
		{32EF668B-A8FC-4C60-B1E9-D2B4834FF39C}.Debug|Any CPU.Build.0 = Debug|Any CPU
		{32EF668B-A8FC-4C60-B1E9-D2B4834FF39C}.Release|Any CPU.ActiveCfg = Release|Any CPU
		{32EF668B-A8FC-4C60-B1E9-D2B4834FF39C}.Release|Any CPU.Build.0 = Release|Any CPU
		{5DC0605A-09F8-41FF-8E7C-E82B434B405C}.Debug|Any CPU.ActiveCfg = Debug|Any CPU
		{5DC0605A-09F8-41FF-8E7C-E82B434B405C}.Debug|Any CPU.Build.0 = Debug|Any CPU
		{5DC0605A-09F8-41FF-8E7C-E82B434B405C}.Release|Any CPU.ActiveCfg = Release|Any CPU
		{5DC0605A-09F8-41FF-8E7C-E82B434B405C}.Release|Any CPU.Build.0 = Release|Any CPU
	EndGlobalSection
	GlobalSection(SolutionProperties) = preSolution
		HideSolutionNode = FALSE
	EndGlobalSection
	GlobalSection(ExtensibilityGlobals) = postSolution
		SolutionGuid = {D5A16A33-26C1-459C-A51F-2E78359C7F73}
	EndGlobalSection
EndGlobal
